github.com/IveGotNorto/hugo-hack3r-theme v0.0.0-20200905181605-327997e055b7 h1:9yF1rsKP2SuPYhpW348dwWcDHG2/mJn9n+6k2TOTL7o=
github.com/IveGotNorto/hugo-hack3r-theme v0.0.0-20200905181605-327997e055b7/go.mod h1:/+MoHmzUrzpXIwoFeYxuQv+ucGge6qCNr1ozW1/9weo=
github.com/IveGotNorto/hugo-hack3r-theme v0.0.0-20201003183223-1ecf7638837a h1:726kYOhWu27+n9W8yJGakVqH1KNBBMMyJHay4NJ1vbY=
github.com/IveGotNorto/hugo-hack3r-theme v0.0.0-20201003183223-1ecf7638837a/go.mod h1:8s8LqRnci4w3AxCRT6ojRuhxLdHRhl/lVWH/WnCqqZc=
